
Microsoft Visual Studio Solution File, Format Version 12.00
# Visual Studio Version 16
VisualStudioVersion = 16.0.31624.102
MinimumVisualStudioVersion = 10.0.40219.1
Project("{FAE04EC0-301F-11D3-BF4B-00C04F79EFBC}") = "Lab10", "Lab10.csproj", "{C31AE53D-AA59-4603-A406-D654E15790AB}"
EndProject
Global
	GlobalSection(SolutionConfigurationPlatforms) = preSolution
		Debug|Any CPU = Debug|Any CPU
		Release|Any CPU = Release|Any CPU
	EndGlobalSection
	GlobalSection(ProjectConfigurationPlatforms) = postSolution
		{C31AE53D-AA59-4603-A406-D654E15790AB}.Debug|Any CPU.ActiveCfg = Debug|Any CPU
		{C31AE53D-AA59-4603-A406-D654E15790AB}.Debug|Any CPU.Build.0 = Debug|Any CPU
		{C31AE53D-AA59-4603-A406-D654E15790AB}.Release|Any CPU.ActiveCfg = Release|Any CPU
		{C31AE53D-AA59-4603-A406-D654E15790AB}.Release|Any CPU.Build.0 = Release|Any CPU
	EndGlobalSection
	GlobalSection(SolutionProperties) = preSolution
		HideSolutionNode = FALSE
	EndGlobalSection
	GlobalSection(ExtensibilityGlobals) = postSolution
		SolutionGuid = {97E26B39-43C3-4AA9-B039-8FE64FCC1D82}
	EndGlobalSection
EndGlobal
